
Microsoft Visual Studio Solution File, Format Version 12.00
# Visual Studio Version 17
VisualStudioVersion = 17.4.33122.133
MinimumVisualStudioVersion = 10.0.40219.1
Project("{FAE04EC0-301F-11D3-BF4B-00C04F79EFBC}") = "AppointAPI", "AppointAPI.csproj", "{E41E742D-7907-4391-8540-C7A01A7E854C}"
EndProject
Global
	GlobalSection(SolutionConfigurationPlatforms) = preSolution
		Debug|Any CPU = Debug|Any CPU
		Release|Any CPU = Release|Any CPU
	EndGlobalSection
	GlobalSection(ProjectConfigurationPlatforms) = postSolution
		{E41E742D-7907-4391-8540-C7A01A7E854C}.Debug|Any CPU.ActiveCfg = Debug|Any CPU
		{E41E742D-7907-4391-8540-C7A01A7E854C}.Debug|Any CPU.Build.0 = Debug|Any CPU
		{E41E742D-7907-4391-8540-C7A01A7E854C}.Release|Any CPU.ActiveCfg = Release|Any CPU
		{E41E742D-7907-4391-8540-C7A01A7E854C}.Release|Any CPU.Build.0 = Release|Any CPU
	EndGlobalSection
	GlobalSection(SolutionProperties) = preSolution
		HideSolutionNode = FALSE
	EndGlobalSection
	GlobalSection(ExtensibilityGlobals) = postSolution
		SolutionGuid = {51AFCBAE-585B-442D-9706-07401D7388B5}
	EndGlobalSection
EndGlobal
